
Microsoft Visual Studio Solution File, Format Version 12.00
# Visual Studio 15
VisualStudioVersion = 15.0.28307.271
MinimumVisualStudioVersion = 10.0.40219.1
Project("{FAE04EC0-301F-11D3-BF4B-00C04F79EFBC}") = "Project_Two", "Project_Two\Project_Two.csproj", "{551D415B-504E-4CAB-97DE-E8BD53397545}"
EndProject
Global
	GlobalSection(SolutionConfigurationPlatforms) = preSolution
		Debug|Any CPU = Debug|Any CPU
		Release|Any CPU = Release|Any CPU
	EndGlobalSection
	GlobalSection(ProjectConfigurationPlatforms) = postSolution
		{551D415B-504E-4CAB-97DE-E8BD53397545}.Debug|Any CPU.ActiveCfg = Debug|Any CPU
		{551D415B-504E-4CAB-97DE-E8BD53397545}.Debug|Any CPU.Build.0 = Debug|Any CPU
		{551D415B-504E-4CAB-97DE-E8BD53397545}.Release|Any CPU.ActiveCfg = Release|Any CPU
		{551D415B-504E-4CAB-97DE-E8BD53397545}.Release|Any CPU.Build.0 = Release|Any CPU
	EndGlobalSection
	GlobalSection(SolutionProperties) = preSolution
		HideSolutionNode = FALSE
	EndGlobalSection
	GlobalSection(ExtensibilityGlobals) = postSolution
		SolutionGuid = {81E75BE7-E7EA-4719-AF63-528B70AE2F19}
	EndGlobalSection
EndGlobal
